
Microsoft Visual Studio Solution File, Format Version 12.00
# Visual Studio Version 16
VisualStudioVersion = 16.0.30503.244
MinimumVisualStudioVersion = 10.0.40219.1
Project("{FAE04EC0-301F-11D3-BF4B-00C04F79EFBC}") = "WindowsForms_Lab3", "WindowsForms_Lab3\WindowsForms_Lab3.csproj", "{06F0DF0D-B81C-4074-9D21-755863E63097}"
EndProject
Global
	GlobalSection(SolutionConfigurationPlatforms) = preSolution
		Debug|Any CPU = Debug|Any CPU
		Release|Any CPU = Release|Any CPU
	EndGlobalSection
	GlobalSection(ProjectConfigurationPlatforms) = postSolution
		{06F0DF0D-B81C-4074-9D21-755863E63097}.Debug|Any CPU.ActiveCfg = Debug|Any CPU
		{06F0DF0D-B81C-4074-9D21-755863E63097}.Debug|Any CPU.Build.0 = Debug|Any CPU
		{06F0DF0D-B81C-4074-9D21-755863E63097}.Release|Any CPU.ActiveCfg = Release|Any CPU
		{06F0DF0D-B81C-4074-9D21-755863E63097}.Release|Any CPU.Build.0 = Release|Any CPU
	EndGlobalSection
	GlobalSection(SolutionProperties) = preSolution
		HideSolutionNode = FALSE
	EndGlobalSection
	GlobalSection(ExtensibilityGlobals) = postSolution
		SolutionGuid = {51C28BB6-3571-4D00-91D2-7C36111D7388}
	EndGlobalSection
EndGlobal
